
Microsoft Visual Studio Solution File, Format Version 12.00
# Visual Studio Version 17
VisualStudioVersion = 17.4.33110.190
MinimumVisualStudioVersion = 10.0.40219.1
Project("{FAE04EC0-301F-11D3-BF4B-00C04F79EFBC}") = "ProgressBar", "Labs WinForms\ProgressBar.csproj", "{9B27EF83-1231-48E4-8E75-44E576987224}"
EndProject
Project("{FAE04EC0-301F-11D3-BF4B-00C04F79EFBC}") = "Registration", "Registration\Registration.csproj", "{F4BBAF62-CDEC-4356-B96B-6AB91475CA0B}"
EndProject
Project("{FAE04EC0-301F-11D3-BF4B-00C04F79EFBC}") = "taskToAutomat", "taskToAutomat\taskToAutomat.csproj", "{7576E37D-2AAF-4557-9B44-99F741B2867D}"
EndProject
Global
	GlobalSection(SolutionConfigurationPlatforms) = preSolution
		Debug|Any CPU = Debug|Any CPU
		Release|Any CPU = Release|Any CPU
	EndGlobalSection
	GlobalSection(ProjectConfigurationPlatforms) = postSolution
		{9B27EF83-1231-48E4-8E75-44E576987224}.Debug|Any CPU.ActiveCfg = Debug|Any CPU
		{9B27EF83-1231-48E4-8E75-44E576987224}.Debug|Any CPU.Build.0 = Debug|Any CPU
		{9B27EF83-1231-48E4-8E75-44E576987224}.Release|Any CPU.ActiveCfg = Release|Any CPU
		{9B27EF83-1231-48E4-8E75-44E576987224}.Release|Any CPU.Build.0 = Release|Any CPU
		{F4BBAF62-CDEC-4356-B96B-6AB91475CA0B}.Debug|Any CPU.ActiveCfg = Debug|Any CPU
		{F4BBAF62-CDEC-4356-B96B-6AB91475CA0B}.Debug|Any CPU.Build.0 = Debug|Any CPU
		{F4BBAF62-CDEC-4356-B96B-6AB91475CA0B}.Release|Any CPU.ActiveCfg = Release|Any CPU
		{F4BBAF62-CDEC-4356-B96B-6AB91475CA0B}.Release|Any CPU.Build.0 = Release|Any CPU
		{7576E37D-2AAF-4557-9B44-99F741B2867D}.Debug|Any CPU.ActiveCfg = Debug|Any CPU
		{7576E37D-2AAF-4557-9B44-99F741B2867D}.Debug|Any CPU.Build.0 = Debug|Any CPU
		{7576E37D-2AAF-4557-9B44-99F741B2867D}.Release|Any CPU.ActiveCfg = Release|Any CPU
		{7576E37D-2AAF-4557-9B44-99F741B2867D}.Release|Any CPU.Build.0 = Release|Any CPU
	EndGlobalSection
	GlobalSection(SolutionProperties) = preSolution
		HideSolutionNode = FALSE
	EndGlobalSection
	GlobalSection(ExtensibilityGlobals) = postSolution
		SolutionGuid = {3384CAA0-A1B0-4383-AAAB-70999C65A1D9}
	EndGlobalSection
EndGlobal
